// !$*UTF8*$!
{
	archiveVersion = 1;
	classes = {
	};
	objectVersion = 56;
	objects = {

/* Begin PBXBuildFile section */
		AEB9D6222AF2C31E006E9EAE /* AppDelegate.swift in Sources */ = {isa = PBXBuildFile; fileRef = AEB9D6212AF2C31E006E9EAE /* AppDelegate.swift */; };
		AEB9D6242AF2C31E006E9EAE /* SceneDelegate.swift in Sources */ = {isa = PBXBuildFile; fileRef = AEB9D6232AF2C31E006E9EAE /* SceneDelegate.swift */; };
		AEB9D6262AF2C31E006E9EAE /* Anasayfa.swift in Sources */ = {isa = PBXBuildFile; fileRef = AEB9D6252AF2C31E006E9EAE /* Anasayfa.swift */; };
		AEB9D6292AF2C31E006E9EAE /* Main.storyboard in Resources */ = {isa = PBXBuildFile; fileRef = AEB9D6272AF2C31E006E9EAE /* Main.storyboard */; };
		AEB9D62B2AF2C31F006E9EAE /* Assets.xcassets in Resources */ = {isa = PBXBuildFile; fileRef = AEB9D62A2AF2C31F006E9EAE /* Assets.xcassets */; };
		AEB9D62E2AF2C31F006E9EAE /* LaunchScreen.storyboard in Resources */ = {isa = PBXBuildFile; fileRef = AEB9D62C2AF2C31F006E9EAE /* LaunchScreen.storyboard */; };
		AEB9D6362AF2C526006E9EAE /* Urunler.swift in Sources */ = {isa = PBXBuildFile; fileRef = AEB9D6352AF2C526006E9EAE /* Urunler.swift */; };
		AEB9D6382AF2C5E6006E9EAE /* DetaySayfa.swift in Sources */ = {isa = PBXBuildFile; fileRef = AEB9D6372AF2C5E6006E9EAE /* DetaySayfa.swift */; };
		AEB9D63A2AF2D655006E9EAE /* UrunlerHucre.swift in Sources */ = {isa = PBXBuildFile; fileRef = AEB9D6392AF2D655006E9EAE /* UrunlerHucre.swift */; };
/* End PBXBuildFile section */

/* Begin PBXFileReference section */
		AEB9D61E2AF2C31E006E9EAE /* UrunlerApp.app */ = {isa = PBXFileReference; explicitFileType = wrapper.application; includeInIndex = 0; path = UrunlerApp.app; sourceTree = BUILT_PRODUCTS_DIR; };
		AEB9D6212AF2C31E006E9EAE /* AppDelegate.swift */ = {isa = PBXFileReference; lastKnownFileType = sourcecode.swift; path = AppDelegate.swift; sourceTree = "<group>"; };
		AEB9D6232AF2C31E006E9EAE /* SceneDelegate.swift */ = {isa = PBXFileReference; lastKnownFileType = sourcecode.swift; path = SceneDelegate.swift; sourceTree = "<group>"; };
		AEB9D6252AF2C31E006E9EAE /* Anasayfa.swift */ = {isa = PBXFileReference; lastKnownFileType = sourcecode.swift; path = Anasayfa.swift; sourceTree = "<group>"; };
		AEB9D6282AF2C31E006E9EAE /* Base */ = {isa = PBXFileReference; lastKnownFileType = file.storyboard; name = Base; path = Base.lproj/Main.storyboard; sourceTree = "<group>"; };
		AEB9D62A2AF2C31F006E9EAE /* Assets.xcassets */ = {isa = PBXFileReference; lastKnownFileType = folder.assetcatalog; path = Assets.xcassets; sourceTree = "<group>"; };
		AEB9D62D2AF2C31F006E9EAE /* Base */ = {isa = PBXFileReference; lastKnownFileType = file.storyboard; name = Base; path = Base.lproj/LaunchScreen.storyboard; sourceTree = "<group>"; };
		AEB9D62F2AF2C31F006E9EAE /* Info.plist */ = {isa = PBXFileReference; lastKnownFileType = text.plist.xml; path = Info.plist; sourceTree = "<group>"; };
		AEB9D6352AF2C526006E9EAE /* Urunler.swift */ = {isa = PBXFileReference; lastKnownFileType = sourcecode.swift; path = Urunler.swift; sourceTree = "<group>"; };
		AEB9D6372AF2C5E6006E9EAE /* DetaySayfa.swift */ = {isa = PBXFileReference; lastKnownFileType = sourcecode.swift; path = DetaySayfa.swift; sourceTree = "<group>"; };
		AEB9D6392AF2D655006E9EAE /* UrunlerHucre.swift */ = {isa = PBXFileReference; lastKnownFileType = sourcecode.swift; path = UrunlerHucre.swift; sourceTree = "<group>"; };
/* End PBXFileReference section */

/* Begin PBXFrameworksBuildPhase section */
		AEB9D61B2AF2C31E006E9EAE /* Frameworks */ = {
			isa = PBXFrameworksBuildPhase;
			buildActionMask = 2147483647;
			files = (
			);
			runOnlyForDeploymentPostprocessing = 0;
		};
/* End PBXFrameworksBuildPhase section */

/* Begin PBXGroup section */
		AEB9D6152AF2C31E006E9EAE = {
			isa = PBXGroup;
			children = (
				AEB9D6202AF2C31E006E9EAE /* UrunlerApp */,
				AEB9D61F2AF2C31E006E9EAE /* Products */,
			);
			sourceTree = "<group>";
		};
		AEB9D61F2AF2C31E006E9EAE /* Products */ = {
			isa = PBXGroup;
			children = (
				AEB9D61E2AF2C31E006E9EAE /* UrunlerApp.app */,
			);
			name = Products;
			sourceTree = "<group>";
		};
		AEB9D6202AF2C31E006E9EAE /* UrunlerApp */ = {
			isa = PBXGroup;
			children = (
				AEB9D6212AF2C31E006E9EAE /* AppDelegate.swift */,
				AEB9D6232AF2C31E006E9EAE /* SceneDelegate.swift */,
				AEB9D6252AF2C31E006E9EAE /* Anasayfa.swift */,
				AEB9D6372AF2C5E6006E9EAE /* DetaySayfa.swift */,
				AEB9D6352AF2C526006E9EAE /* Urunler.swift */,
				AEB9D6392AF2D655006E9EAE /* UrunlerHucre.swift */,
				AEB9D6272AF2C31E006E9EAE /* Main.storyboard */,
				AEB9D62A2AF2C31F006E9EAE /* Assets.xcassets */,
				AEB9D62C2AF2C31F006E9EAE /* LaunchScreen.storyboard */,
				AEB9D62F2AF2C31F006E9EAE /* Info.plist */,
			);
			path = UrunlerApp;
			sourceTree = "<group>";
		};
/* End PBXGroup section */

/* Begin PBXNativeTarget section */
		AEB9D61D2AF2C31E006E9EAE /* UrunlerApp */ = {
			isa = PBXNativeTarget;
			buildConfigurationList = AEB9D6322AF2C31F006E9EAE /* Build configuration list for PBXNativeTarget "UrunlerApp" */;
			buildPhases = (
				AEB9D61A2AF2C31E006E9EAE /* Sources */,
				AEB9D61B2AF2C31E006E9EAE /* Frameworks */,
				AEB9D61C2AF2C31E006E9EAE /* Resources */,
			);
			buildRules = (
			);
			dependencies = (
			);
			name = UrunlerApp;
			productName = UrunlerApp;
			productReference = AEB9D61E2AF2C31E006E9EAE /* UrunlerApp.app */;
			productType = "com.apple.product-type.application";
		};
/* End PBXNativeTarget section */

/* Begin PBXProject section */
		AEB9D6162AF2C31E006E9EAE /* Project object */ = {
			isa = PBXProject;
			attributes = {
				BuildIndependentTargetsInParallel = 1;
				LastSwiftUpdateCheck = 1430;
				LastUpgradeCheck = 1430;
				TargetAttributes = {
					AEB9D61D2AF2C31E006E9EAE = {
						CreatedOnToolsVersion = 14.3;
					};
				};
			};
			buildConfigurationList = AEB9D6192AF2C31E006E9EAE /* Build configuration list for PBXProject "UrunlerApp" */;
			compatibilityVersion = "Xcode 14.0";
			developmentRegion = en;
			hasScannedForEncodings = 0;
			knownRegions = (
				en,
				Base,
			);
			mainGroup = AEB9D6152AF2C31E006E9EAE;
			productRefGroup = AEB9D61F2AF2C31E006E9EAE /* Products */;
			projectDirPath = "";
			projectRoot = "";
			targets = (
				AEB9D61D2AF2C31E006E9EAE /* UrunlerApp */,
			);
		};
/* End PBXProject section */

/* Begin PBXResourcesBuildPhase section */
		AEB9D61C2AF2C31E006E9EAE /* Resources */ = {
			isa = PBXResourcesBuildPhase;
			buildActionMask = 2147483647;
			files = (
				AEB9D62E2AF2C31F006E9EAE /* LaunchScreen.storyboard in Resources */,
				AEB9D62B2AF2C31F006E9EAE /* Assets.xcassets in Resources */,
				AEB9D6292AF2C31E006E9EAE /* Main.storyboard in Resources */,
			);
			runOnlyForDeploymentPostprocessing = 0;
		};
/* End PBXResourcesBuildPhase section */

/* Begin PBXSourcesBuildPhase section */
		AEB9D61A2AF2C31E006E9EAE /* Sources */ = {
			isa = PBXSourcesBuildPhase;
			buildActionMask = 2147483647;
			files = (
				AEB9D6262AF2C31E006E9EAE /* Anasayfa.swift in Sources */,
				AEB9D6362AF2C526006E9EAE /* Urunler.swift in Sources */,
				AEB9D6222AF2C31E006E9EAE /* AppDelegate.swift in Sources */,
				AEB9D63A2AF2D655006E9EAE /* UrunlerHucre.swift in Sources */,
				AEB9D6382AF2C5E6006E9EAE /* DetaySayfa.swift in Sources */,
				AEB9D6242AF2C31E006E9EAE /* SceneDelegate.swift in Sources */,
			);
			runOnlyForDeploymentPostprocessing = 0;
		};
/* End PBXSourcesBuildPhase section */

/* Begin PBXVariantGroup section */
		AEB9D6272AF2C31E006E9EAE /* Main.storyboard */ = {
			isa = PBXVariantGroup;
			children = (
				AEB9D6282AF2C31E006E9EAE /* Base */,
			);
			name = Main.storyboard;
			sourceTree = "<group>";
		};
		AEB9D62C2AF2C31F006E9EAE /* LaunchScreen.storyboard */ = {
			isa = PBXVariantGroup;
			children = (
				AEB9D62D2AF2C31F006E9EAE /* Base */,
			);
			name = LaunchScreen.storyboard;
			sourceTree = "<group>";
		};
/* End PBXVariantGroup section */

/* Begin XCBuildConfiguration section */
		AEB9D6302AF2C31F006E9EAE /* Debug */ = {
			isa = XCBuildConfiguration;
			buildSettings = {
				ALWAYS_SEARCH_USER_PATHS = NO;
				CLANG_ANALYZER_NONNULL = YES;
				CLANG_ANALYZER_NUMBER_OBJECT_CONVERSION = YES_AGGRESSIVE;
				CLANG_CXX_LANGUAGE_STANDARD = "gnu++20";
				CLANG_ENABLE_MODULES = YES;
				CLANG_ENABLE_OBJC_ARC = YES;
				CLANG_ENABLE_OBJC_WEAK = YES;
				CLANG_WARN_BLOCK_CAPTURE_AUTORELEASING = YES;
				CLANG_WARN_BOOL_CONVERSION = YES;
				CLANG_WARN_COMMA = YES;
				CLANG_WARN_CONSTANT_CONVERSION = YES;
				CLANG_WARN_DEPRECATED_OBJC_IMPLEMENTATIONS = YES;
				CLANG_WARN_DIRECT_OBJC_ISA_USAGE = YES_ERROR;
				CLANG_WARN_DOCUMENTATION_COMMENTS = YES;
				CLANG_WARN_EMPTY_BODY = YES;
				CLANG_WARN_ENUM_CONVERSION = YES;
				CLANG_WARN_INFINITE_RECURSION = YES;
				CLANG_WARN_INT_CONVERSION = YES;
				CLANG_WARN_NON_LITERAL_NULL_CONVERSION = YES;
				CLANG_WARN_OBJC_IMPLICIT_RETAIN_SELF = YES;
				CLANG_WARN_OBJC_LITERAL_CONVERSION = YES;
				CLANG_WARN_OBJC_ROOT_CLASS = YES_ERROR;
				CLANG_WARN_QUOTED_INCLUDE_IN_FRAMEWORK_HEADER = YES;
				CLANG_WARN_RANGE_LOOP_ANALYSIS = YES;
				CLANG_WARN_STRICT_PROTOTYPES = YES;
				CLANG_WARN_SUSPICIOUS_MOVE = YES;
				CLANG_WARN_UNGUARDED_AVAILABILITY = YES_AGGRESSIVE;
				CLANG_WARN_UNREACHABLE_CODE = YES;
				CLANG_WARN__DUPLICATE_METHOD_MATCH = YES;
				COPY_PHASE_STRIP = NO;
				DEBUG_INFORMATION_FORMAT = dwarf;
				ENABLE_STRICT_OBJC_MSGSEND = YES;
				ENABLE_TESTABILITY = YES;
				GCC_C_LANGUAGE_STANDARD = gnu11;
				GCC_DYNAMIC_NO_PIC = NO;
				GCC_NO_COMMON_BLOCKS = YES;
				GCC_OPTIMIZATION_LEVEL = 0;
				GCC_PREPROCESSOR_DEFINITIONS = (
					"DEBUG=1",
					"$(inherited)",
				);
				GCC_WARN_64_TO_32_BIT_CONVERSION = YES;
				GCC_WARN_ABOUT_RETURN_TYPE = YES_ERROR;
				GCC_WARN_UNDECLARED_SELECTOR = YES;
				GCC_WARN_UNINITIALIZED_AUTOS = YES_AGGRESSIVE;
				GCC_WARN_UNUSED_FUNCTION = YES;
				GCC_WARN_UNUSED_VARIABLE = YES;
				IPHONEOS_DEPLOYMENT_TARGET = 16.4;
				MTL_ENABLE_DEBUG_INFO = INCLUDE_SOURCE;
				MTL_FAST_MATH = YES;
				ONLY_ACTIVE_ARCH = YES;
				SDKROOT = iphoneos;
				SWIFT_ACTIVE_COMPILATION_CONDITIONS = DEBUG;
				SWIFT_OPTIMIZATION_LEVEL = "-Onone";
			};
			name = Debug;
		};
		AEB9D6312AF2C31F006E9EAE /* Release */ = {
			isa = XCBuildConfiguration;
			buildSettings = {
				ALWAYS_SEARCH_USER_PATHS = NO;
				CLANG_ANALYZER_NONNULL = YES;
				CLANG_ANALYZER_NUMBER_OBJECT_CONVERSION = YES_AGGRESSIVE;
				CLANG_CXX_LANGUAGE_STANDARD = "gnu++20";
				CLANG_ENABLE_MODULES = YES;
				CLANG_ENABLE_OBJC_ARC = YES;
				CLANG_ENABLE_OBJC_WEAK = YES;
				CLANG_WARN_BLOCK_CAPTURE_AUTORELEASING = YES;
				CLANG_WARN_BOOL_CONVERSION = YES;
				CLANG_WARN_COMMA = YES;
				CLANG_WARN_CONSTANT_CONVERSION = YES;
				CLANG_WARN_DEPRECATED_OBJC_IMPLEMENTATIONS = YES;
				CLANG_WARN_DIRECT_OBJC_ISA_USAGE = YES_ERROR;
				CLANG_WARN_DOCUMENTATION_COMMENTS = YES;
				CLANG_WARN_EMPTY_BODY = YES;
				CLANG_WARN_ENUM_CONVERSION = YES;
				CLANG_WARN_INFINITE_RECURSION = YES;
				CLANG_WARN_INT_CONVERSION = YES;
				CLANG_WARN_NON_LITERAL_NULL_CONVERSION = YES;
				CLANG_WARN_OBJC_IMPLICIT_RETAIN_SELF = YES;
				CLANG_WARN_OBJC_LITERAL_CONVERSION = YES;
				CLANG_WARN_OBJC_ROOT_CLASS = YES_ERROR;
				CLANG_WARN_QUOTED_INCLUDE_IN_FRAMEWORK_HEADER = YES;
				CLANG_WARN_RANGE_LOOP_ANALYSIS = YES;
				CLANG_WARN_STRICT_PROTOTYPES = YES;
				CLANG_WARN_SUSPICIOUS_MOVE = YES;
				CLANG_WARN_UNGUARDED_AVAILABILITY = YES_AGGRESSIVE;
				CLANG_WARN_UNREACHABLE_CODE = YES;
				CLANG_WARN__DUPLICATE_METHOD_MATCH = YES;
				COPY_PHASE_STRIP = NO;
				DEBUG_INFORMATION_FORMAT = "dwarf-with-dsym";
				ENABLE_NS_ASSERTIONS = NO;
				ENABLE_STRICT_OBJC_MSGSEND = YES;
				GCC_C_LANGUAGE_STANDARD = gnu11;
				GCC_NO_COMMON_BLOCKS = YES;
				GCC_WARN_64_TO_32_BIT_CONVERSION = YES;
				GCC_WARN_ABOUT_RETURN_TYPE = YES_ERROR;
				GCC_WARN_UNDECLARED_SELECTOR = YES;
				GCC_WARN_UNINITIALIZED_AUTOS = YES_AGGRESSIVE;
				GCC_WARN_UNUSED_FUNCTION = YES;
				GCC_WARN_UNUSED_VARIABLE = YES;
				IPHONEOS_DEPLOYMENT_TARGET = 16.4;
				MTL_ENABLE_DEBUG_INFO = NO;
				MTL_FAST_MATH = YES;
				SDKROOT = iphoneos;
				SWIFT_COMPILATION_MODE = wholemodule;
				SWIFT_OPTIMIZATION_LEVEL = "-O";
				VALIDATE_PRODUCT = YES;
			};
			name = Release;
		};
		AEB9D6332AF2C31F006E9EAE /* Debug */ = {
			isa = XCBuildConfiguration;
			buildSettings = {
				ASSETCATALOG_COMPILER_APPICON_NAME = AppIcon;
				ASSETCATALOG_COMPILER_GLOBAL_ACCENT_COLOR_NAME = AccentColor;
				CODE_SIGN_STYLE = Automatic;
				CURRENT_PROJECT_VERSION = 1;
				GENERATE_INFOPLIST_FILE = YES;
				INFOPLIST_FILE = UrunlerApp/Info.plist;
				INFOPLIST_KEY_UIApplicationSupportsIndirectInputEvents = YES;
				INFOPLIST_KEY_UILaunchStoryboardName = LaunchScreen;
				INFOPLIST_KEY_UIMainStoryboardFile = Main;
				INFOPLIST_KEY_UISupportedInterfaceOrientations_iPad = "UIInterfaceOrientationPortrait UIInterfaceOrientationPortraitUpsideDown UIInterfaceOrientationLandscapeLeft UIInterfaceOrientationLandscapeRight";
				INFOPLIST_KEY_UISupportedInterfaceOrientations_iPhone = "UIInterfaceOrientationPortrait UIInterfaceOrientationLandscapeLeft UIInterfaceOrientationLandscapeRight";
				LD_RUNPATH_SEARCH_PATHS = (
					"$(inherited)",
					"@executable_path/Frameworks",
				);
				MARKETING_VERSION = 1.0;
				PRODUCT_BUNDLE_IDENTIFIER = com.MustafaKemalOzen.UrunlerApp;
				PRODUCT_NAME = "$(TARGET_NAME)";
				SWIFT_EMIT_LOC_STRINGS = YES;
				SWIFT_VERSION = 5.0;
				TARGETED_DEVICE_FAMILY = "1,2";
			};
			name = Debug;
		};
		AEB9D6342AF2C31F006E9EAE /* Release */ = {
			isa = XCBuildConfiguration;
			buildSettings = {
				ASSETCATALOG_COMPILER_APPICON_NAME = AppIcon;
				ASSETCATALOG_COMPILER_GLOBAL_ACCENT_COLOR_NAME = AccentColor;
				CODE_SIGN_STYLE = Automatic;
				CURRENT_PROJECT_VERSION = 1;
				GENERATE_INFOPLIST_FILE = YES;
				INFOPLIST_FILE = UrunlerApp/Info.plist;
				INFOPLIST_KEY_UIApplicationSupportsIndirectInputEvents = YES;
				INFOPLIST_KEY_UILaunchStoryboardName = LaunchScreen;
				INFOPLIST_KEY_UIMainStoryboardFile = Main;
				INFOPLIST_KEY_UISupportedInterfaceOrientations_iPad = "UIInterfaceOrientationPortrait UIInterfaceOrientationPortraitUpsideDown UIInterfaceOrientationLandscapeLeft UIInterfaceOrientationLandscapeRight";
				INFOPLIST_KEY_UISupportedInterfaceOrientations_iPhone = "UIInterfaceOrientationPortrait UIInterfaceOrientationLandscapeLeft UIInterfaceOrientationLandscapeRight";
				LD_RUNPATH_SEARCH_PATHS = (
					"$(inherited)",
					"@executable_path/Frameworks",
				);
				MARKETING_VERSION = 1.0;
				PRODUCT_BUNDLE_IDENTIFIER = com.MustafaKemalOzen.UrunlerApp;
				PRODUCT_NAME = "$(TARGET_NAME)";
				SWIFT_EMIT_LOC_STRINGS = YES;
				SWIFT_VERSION = 5.0;
				TARGETED_DEVICE_FAMILY = "1,2";
			};
			name = Release;
		};
/* End XCBuildConfiguration section */

/* Begin XCConfigurationList section */
		AEB9D6192AF2C31E006E9EAE /* Build configuration list for PBXProject "UrunlerApp" */ = {
			isa = XCConfigurationList;
			buildConfigurations = (
				AEB9D6302AF2C31F006E9EAE /* Debug */,
				AEB9D6312AF2C31F006E9EAE /* Release */,
			);
			defaultConfigurationIsVisible = 0;
			defaultConfigurationName = Release;
		};
		AEB9D6322AF2C31F006E9EAE /* Build configuration list for PBXNativeTarget "UrunlerApp" */ = {
			isa = XCConfigurationList;
			buildConfigurations = (
				AEB9D6332AF2C31F006E9EAE /* Debug */,
				AEB9D6342AF2C31F006E9EAE /* Release */,
			);
			defaultConfigurationIsVisible = 0;
			defaultConfigurationName = Release;
		};
/* End XCConfigurationList section */
	};
	rootObject = AEB9D6162AF2C31E006E9EAE /* Project object */;
}
